
Microsoft Visual Studio Solution File, Format Version 12.00
# Visual Studio 14
VisualStudioVersion = 14.0.25123.0
MinimumVisualStudioVersion = 10.0.40219.1
Project("{FAE04EC0-301F-11D3-BF4B-00C04F79EFBC}") = "Past", "Past\Past.csproj", "{DAD9946E-D337-4BDA-B556-621605D0F5C5}"
EndProject
Project("{FAE04EC0-301F-11D3-BF4B-00C04F79EFBC}") = "Past.Protocol", "Past.Protocol\Past.Protocol.csproj", "{FD666F59-B2C2-41EA-8B6D-98977983B3AD}"
EndProject
Project("{FAE04EC0-301F-11D3-BF4B-00C04F79EFBC}") = "Past.Tools", "Past.Tools\Past.Tools.csproj", "{A94B7F6A-0CDD-45F3-A73D-BD30AA7D7D5A}"
EndProject
Global
	GlobalSection(SolutionConfigurationPlatforms) = preSolution
		Debug|Any CPU = Debug|Any CPU
		Release|Any CPU = Release|Any CPU
	EndGlobalSection
	GlobalSection(ProjectConfigurationPlatforms) = postSolution
		{DAD9946E-D337-4BDA-B556-621605D0F5C5}.Debug|Any CPU.ActiveCfg = Debug|Any CPU
		{DAD9946E-D337-4BDA-B556-621605D0F5C5}.Debug|Any CPU.Build.0 = Debug|Any CPU
		{DAD9946E-D337-4BDA-B556-621605D0F5C5}.Release|Any CPU.ActiveCfg = Release|Any CPU
		{DAD9946E-D337-4BDA-B556-621605D0F5C5}.Release|Any CPU.Build.0 = Release|Any CPU
		{FD666F59-B2C2-41EA-8B6D-98977983B3AD}.Debug|Any CPU.ActiveCfg = Debug|Any CPU
		{FD666F59-B2C2-41EA-8B6D-98977983B3AD}.Debug|Any CPU.Build.0 = Debug|Any CPU
		{FD666F59-B2C2-41EA-8B6D-98977983B3AD}.Release|Any CPU.ActiveCfg = Release|Any CPU
		{FD666F59-B2C2-41EA-8B6D-98977983B3AD}.Release|Any CPU.Build.0 = Release|Any CPU
		{A94B7F6A-0CDD-45F3-A73D-BD30AA7D7D5A}.Debug|Any CPU.ActiveCfg = Debug|Any CPU
		{A94B7F6A-0CDD-45F3-A73D-BD30AA7D7D5A}.Debug|Any CPU.Build.0 = Debug|Any CPU
		{A94B7F6A-0CDD-45F3-A73D-BD30AA7D7D5A}.Release|Any CPU.ActiveCfg = Release|Any CPU
		{A94B7F6A-0CDD-45F3-A73D-BD30AA7D7D5A}.Release|Any CPU.Build.0 = Release|Any CPU
	EndGlobalSection
	GlobalSection(SolutionProperties) = preSolution
		HideSolutionNode = FALSE
	EndGlobalSection
EndGlobal
